<?xml version="1.0" encoding="utf-8"?>
<Project ToolsVersion="4.0" xmlns="http://schemas.microsoft.com/developer/msbuild/2003">
  <ItemGroup>
    <Filter Include="Neon">
      <UniqueIdentifier>{7591897C-61C8-8A0D-0AB5-7010F6CA060F}</UniqueIdentifier>
    </Filter>
    <Filter Include="Neon\Events">
      <UniqueIdentifier>{B96788F7-251D-01ED-AE11-FBC31AC6F7F0}</UniqueIdentifier>
    </Filter>
    <Filter Include="Platform">
      <UniqueIdentifier>{2AC788B4-1694-E3BF-3FAD-D1672BD9184E}</UniqueIdentifier>
    </Filter>
    <Filter Include="Platform\Windows">
      <UniqueIdentifier>{64FBD71A-50F4-F66C-7926-DCF1657ED678}</UniqueIdentifier>
    </Filter>
  </ItemGroup>
  <ItemGroup>
    <ClInclude Include="src\NEON_PCH.h" />
    <ClInclude Include="src\Neon.h" />
    <ClInclude Include="src\Neon\Application.h">
      <Filter>Neon</Filter>
    </ClInclude>
    <ClInclude Include="src\Neon\Core.h">
      <Filter>Neon</Filter>
    </ClInclude>
    <ClInclude Include="src\Neon\EntryPoint.h">
      <Filter>Neon</Filter>
    </ClInclude>
    <ClInclude Include="src\Neon\Events\ApplicationEvent.h">
      <Filter>Neon\Events</Filter>
    </ClInclude>
    <ClInclude Include="src\Neon\Events\Event.h">
      <Filter>Neon\Events</Filter>
    </ClInclude>
    <ClInclude Include="src\Neon\Events\KeyEvent.h">
      <Filter>Neon\Events</Filter>
    </ClInclude>
    <ClInclude Include="src\Neon\Events\MouseEvent.h">
      <Filter>Neon\Events</Filter>
    </ClInclude>
    <ClInclude Include="src\Neon\Log.h">
      <Filter>Neon</Filter>
    </ClInclude>
    <ClInclude Include="src\Neon\Window.h">
      <Filter>Neon</Filter>
    </ClInclude>
    <ClInclude Include="src\Platform\Windows\WindowsWindow.h">
      <Filter>Platform\Windows</Filter>
    </ClInclude>
  </ItemGroup>
  <ItemGroup>
    <ClCompile Include="src\NEON_PCH.cpp" />
    <ClCompile Include="src\Neon\Application.cpp">
      <Filter>Neon</Filter>
    </ClCompile>
    <ClCompile Include="src\Neon\Log.cpp">
      <Filter>Neon</Filter>
    </ClCompile>
    <ClCompile Include="src\Platform\Windows\WindowsWindow.cpp">
      <Filter>Platform\Windows</Filter>
    </ClCompile>
  </ItemGroup>
</Project>