<?xml version="1.0" encoding="utf-8"?>
<Project ToolsVersion="4.0" xmlns="http://schemas.microsoft.com/developer/msbuild/2003">
  <ItemGroup>
    <Filter Include="Neon">
      <UniqueIdentifier>{7591897C-61C8-8A0D-0AB5-7010F6CA060F}</UniqueIdentifier>
    </Filter>
  </ItemGroup>
  <ItemGroup>
    <ClInclude Include="src\Neon.h" />
    <ClInclude Include="src\Neon\Application.h">
      <Filter>Neon</Filter>
    </ClInclude>
    <ClInclude Include="src\Neon\Core.h">
      <Filter>Neon</Filter>
    </ClInclude>
    <ClInclude Include="src\Neon\EntryPoint.h">
      <Filter>Neon</Filter>
    </ClInclude>
    <ClInclude Include="src\Neon\Log.h">
      <Filter>Neon</Filter>
    </ClInclude>
  </ItemGroup>
  <ItemGroup>
    <ClCompile Include="src\Neon\Application.cpp">
      <Filter>Neon</Filter>
    </ClCompile>
    <ClCompile Include="src\Neon\Log.cpp">
      <Filter>Neon</Filter>
    </ClCompile>
  </ItemGroup>
</Project>